bou.ke/monkey v1.0.1/go.mod h1:FgHuK96Rv2Nlf+0u1OOVDpCMdsWyOFmeeketDHE7LIg=
github.com/davecgh/go-spew v1.1.0/go.mod h1:J7Y8YcW2NihsgmVo/mv3lAwl/skON4iLHjSsI+c5H38=
github.com/davecgh/go-spew v1.1.1/go.mod h1:J7Y8YcW2NihsgmVo/mv3lAwl/skON4iLHjSsI+c5H38=
github.com/flimzy/diff v0.1.5/go.mod h1:lFJtC7SPsK0EroDmGTSrdtWKAxOk3rO+q+e04LL05Hs=
github.com/flimzy/testy v0.1.17-0.20190521133342-95b386c3ece6/go.mod h1:3szguN8NXqgq9bt9Gu8TQVj698PJWmyx/VY1frwwKrM=
github.com/go-kivik/couchdb v2.0.0+incompatible h1:DsXVuGJTng04Guz8tg7jGVQ53RlByEhk+gPB/1yo3Oo=
github.com/go-kivik/couchdb v2.0.0+incompatible/go.mod h1:5XJRkAMpBlEVA4q0ktIZjUPYBjoBmRoiWvwUBzP3BOQ=
github.com/go-kivik/couchdb/v3 v3.0.0/go.mod h1:eTGmiw9fnA30gdqQCgH3vNrW+glhl+48RbvZga8/wLk=
github.com/go-kivik/kivik v2.0.0+incompatible h1:/7hgr29DKv/vlaJsUoyRlOFq0K+3ikz0wTbu+cIs7QY=
github.com/go-kivik/kivik v2.0.0+incompatible/go.mod h1:nIuJ8z4ikBrVUSk3Ua8NoDqYKULPNjuddjqRvlSUyyQ=
github.com/go-kivik/kivik/v3 v3.0.0/go.mod h1:7tmQDvkta/pcijpUjLMsQ9HJUELiKD5zm6jQ3Gb9cxE=
github.com/go-kivik/kivik/v4 v4.0.0-20200318211224-64da2fa170a8/go.mod h1:O2fxy5xMXO7vaVr2gQG38sYTj/mHwg5Md/8kP7qUZQk=
github.com/go-kivik/kiviktest/v3 v3.0.0/go.mod h1:pLjkg/F61+X4Ks1BpbrTgbChjdPcINX2HysR8i7AfBM=
github.com/gopherjs/gopherjs v0.0.0-20180825215210-0210a2f0f73c/go.mod h1:wJfORRmW1u3UXTncJ5qlYoELFm8eSnnEO6hX4iZ3EWY=
github.com/gopherjs/gopherjs v0.0.0-20200209144316-f9cef593def5/go.mod h1:wJfORRmW1u3UXTncJ5qlYoELFm8eSnnEO6hX4iZ3EWY=
github.com/h2so5/goback v0.0.0-20150302055225-6e210305bfc9 h1:HpHh/z38D53+rJJnOZhVGcaPImRngX18xKVma4VHBEs=
github.com/h2so5/goback v0.0.0-20150302055225-6e210305bfc9/go.mod h1:YaAwP3MyryOTskva8K5dvyse+hrwc/OwgP4rHXcGS98=
github.com/julienschmidt/httprouter v1.3.0/go.mod h1:JR6WtHb+2LUe8TCKY3cZOxFyyO8IZAc4RVcycCCAKdM=
github.com/konsorten/go-windows-terminal-sequences v1.0.1/go.mod h1:T0+1ngSBFLxvqU3pZ+m/2kptfBszLMUkC4ZK/EgS/cQ=
github.com/otiai10/copy v1.0.1/go.mod h1:8bMCJrAqOtN/d9oyh5HR7HhLQMvcGMpGdwRDYsfOCHc=
github.com/otiai10/copy v1.0.2/go.mod h1:c7RpqBkwMom4bYTSkLSym4VSJz/XtncWRAj/J4PEIMY=
github.com/otiai10/curr v0.0.0-20150429015615-9b4961190c95/go.mod h1:9qAhocn7zKJG+0mI8eUu6xqkFDYS2kb2saOteoSB3cE=
github.com/otiai10/curr v0.0.0-20190513014714-f5a3d24e5776/go.mod h1:3HNVkVOU7vZeFXocWuvtcS0XSFLcf2XUSDHkq9t1jU4=
github.com/otiai10/mint v1.2.3/go.mod h1:YnfyPNhBvnY8bW4SGQHCs/aAFhkgySlMZbrF5U0bOVw=
github.com/otiai10/mint v1.2.4/go.mod h1:d+b7n/0R3tdyUYYylALXpWQ/kTN+QobSq/4SRGBkR3M=
github.com/otiai10/mint v1.3.0/go.mod h1:F5AjcsTsWUqX+Na9fpHb52P8pcRX2CI6A3ctIT91xUo=
github.com/pkg/errors v0.8.1/go.mod h1:bwawxfHBFNV+L2hUp1rHADufV3IMtnDRdf1r5NINEl0=
github.com/pkg/errors v0.9.1/go.mod h1:bwawxfHBFNV+L2hUp1rHADufV3IMtnDRdf1r5NINEl0=
github.com/pmezard/go-difflib v1.0.0/go.mod h1:iKH77koFhYxTK1pcRnkKkqfTogsbg7gZNVY4sRDYZ/4=
github.com/sirupsen/logrus v1.4.2/go.mod h1:tLMulIdttU9McNUspp0xgXVQah82FyeX6MwdIuYE2rE=
github.com/streadway/amqp v0.0.0-20190404075320-75d898a42a94 h1:0ngsPmuP6XIjiFRNFYlvKwSr5zff2v+uPHaffZ6/M4k=
github.com/streadway/amqp v0.0.0-20190404075320-75d898a42a94/go.mod h1:AZpEONHx3DKn8O/DFsRAY58/XVQiIPMTMB1SddzLXVw=
github.com/stretchr/objx v0.1.0/go.mod h1:HFkY916IF+rwdDfMAkV7OtwuqBVzrE8GR6GFx+wExME=
github.com/stretchr/objx v0.1.1/go.mod h1:HFkY916IF+rwdDfMAkV7OtwuqBVzrE8GR6GFx+wExME=
github.com/stretchr/testify v1.2.2/go.mod h1:a8OnRcib4nhh0OaRAV+Yts87kKdq0PP7pXfy6kDkUVs=
github.com/stretchr/testify v1.4.0/go.mod h1:j7eGeouHqKxXV5pUuKE4zz7dFj8WfuZ+81PSLYec5m4=
gitlab.com/flimzy/testy v0.0.0-20190816103046-aca1ef5ffe7e/go.mod h1:MQwjgAyueIbBZv+qSYAMs6LaZwsJysPs0BK/niv9JiI=
gitlab.com/flimzy/testy v0.0.2/go.mod h1:YObF4cq711ubd/3U0ydRQQVz7Cnq/ChgJpVwNr/AJac=
gitlab.com/flimzy/testy v0.0.3/go.mod h1:YObF4cq711ubd/3U0ydRQQVz7Cnq/ChgJpVwNr/AJac=
golang.org/x/crypto v0.0.0-20190308221718-c2843e01d9a2/go.mod h1:djNgcEr1/C05ACkg1iLfiJU5Ep61QUkGW8qpdssI0+w=
golang.org/x/net v0.0.0-20200202094626-16171245cfb2 h1:CCH4IOTTfewWjGOlSp+zGcjutRKlBEZQ6wTn8ozI/nI=
golang.org/x/net v0.0.0-20200202094626-16171245cfb2/go.mod h1:z5CRVTTTmAJ677TzLLGU+0bjPO0LkuOLi4/5GtJWs/s=
golang.org/x/sys v0.0.0-20190215142949-d0b11bdaac8a/go.mod h1:STP8DvDyc/dI5b8T5hshtkjS+E42TnysNCUPdjciGhY=
golang.org/x/sys v0.0.0-20190422165155-953cdadca894/go.mod h1:h1NjWce9XRLGQEsW7wpKNCjG9DtNlClVuFLEZdDNbEs=
golang.org/x/text v0.3.0/go.mod h1:NqM8EUOU14njkJ3fqMW+pc6Ldnwhi/IjpwHt7yyuwOQ=
golang.org/x/xerrors v0.0.0-20190717185122-a985d3407aa7/go.mod h1:I/5z698sn9Ka8TeJc9MKroUUfqBBauWjQqLJ2OPfmY0=
golang.org/x/xerrors v0.0.0-20191204190536-9bdfabe68543 h1:E7g+9GITq07hpfrRu66IVDexMakfv52eLZ2CXBWiKr4=
golang.org/x/xerrors v0.0.0-20191204190536-9bdfabe68543/go.mod h1:I/5z698sn9Ka8TeJc9MKroUUfqBBauWjQqLJ2OPfmY0=
gopkg.in/check.v1 v0.0.0-20161208181325-20d25e280405/go.mod h1:Co6ibVJAznAaIkqp8huTwlJQCZ016jof/cbN4VW5Yz0=
gopkg.in/yaml.v2 v2.2.2/go.mod h1:hI93XBmqTisBFMUTm0b8Fm+jr3Dg1NNxqwp+5A1VGuI=
